<?xml version="1.0" encoding="utf-8"?>
<Project ToolsVersion="4.0" xmlns="http://schemas.microsoft.com/developer/msbuild/2003">
  <ItemGroup>
    <Filter Include="UI">
      <UniqueIdentifier>{83755900-6F01-880B-D8AF-880BC45A880B}</UniqueIdentifier>
    </Filter>
  </ItemGroup>
  <ItemGroup>
    <ClInclude Include="Source\Log.h" />
    <ClInclude Include="Source\UI\UI.h">
      <Filter>UI</Filter>
    </ClInclude>
    <ClInclude Include="Source\VulkanRenderer.h" />
    <ClInclude Include="Source\core.h" />
  </ItemGroup>
  <ItemGroup>
    <ClCompile Include="Source\Log.cpp" />
    <ClCompile Include="Source\UI\UI.cpp">
      <Filter>UI</Filter>
    </ClCompile>
    <ClCompile Include="Source\VulkanRenderer.cpp" />
    <ClCompile Include="Source\main.cpp" />
    <ClCompile Include="Source\UI\ImGuiBuild.cpp" />
  </ItemGroup>
</Project>